
Microsoft Visual Studio Solution File, Format Version 12.00
# Visual Studio 2012
Project("{FAE04EC0-301F-11D3-BF4B-00C04F79EFBC}") = "ConsoleApplication2", "ConsoleApplication2\ConsoleApplication2.csproj", "{8DC0D7CA-AC66-4508-A623-EBCA60DCB1FD}"
EndProject
Global
	GlobalSection(SolutionConfigurationPlatforms) = preSolution
		Debug|Any CPU = Debug|Any CPU
		Release|Any CPU = Release|Any CPU
	EndGlobalSection
	GlobalSection(ProjectConfigurationPlatforms) = postSolution
		{8DC0D7CA-AC66-4508-A623-EBCA60DCB1FD}.Debug|Any CPU.ActiveCfg = Debug|Any CPU
		{8DC0D7CA-AC66-4508-A623-EBCA60DCB1FD}.Debug|Any CPU.Build.0 = Debug|Any CPU
		{8DC0D7CA-AC66-4508-A623-EBCA60DCB1FD}.Release|Any CPU.ActiveCfg = Release|Any CPU
		{8DC0D7CA-AC66-4508-A623-EBCA60DCB1FD}.Release|Any CPU.Build.0 = Release|Any CPU
	EndGlobalSection
	GlobalSection(SolutionProperties) = preSolution
		HideSolutionNode = FALSE
	EndGlobalSection
EndGlobal
